// !$*UTF8*$!
{
	archiveVersion = 1;
	classes = {
	};
	objectVersion = 48;
	objects = {

/* Begin PBXBuildFile section */
		6F6E69EF1F9FB593006B24EC /* DismissBar.storyboard in Resources */ = {isa = PBXBuildFile; fileRef = 6F6E69EE1F9FB593006B24EC /* DismissBar.storyboard */; };
		6F6E69F11F9FB599006B24EC /* DismissBarVC.swift in Sources */ = {isa = PBXBuildFile; fileRef = 6F6E69F01F9FB599006B24EC /* DismissBarVC.swift */; };
		6FB0B4DC1F75845600A4F6D4 /* GTSheet.h in Headers */ = {isa = PBXBuildFile; fileRef = 6FB0B4DA1F75845600A4F6D4 /* GTSheet.h */; settings = {ATTRIBUTES = (Public, ); }; };
		6FB0B4EB1F75860800A4F6D4 /* VerticalPanGestureRecognizer.swift in Sources */ = {isa = PBXBuildFile; fileRef = 6FB0B4E31F75860700A4F6D4 /* VerticalPanGestureRecognizer.swift */; };
		6FB0B4EC1F75860800A4F6D4 /* PresentationViewController.swift in Sources */ = {isa = PBXBuildFile; fileRef = 6FB0B4E41F75860700A4F6D4 /* PresentationViewController.swift */; };
		6FB0B4ED1F75860800A4F6D4 /* HalfSheetPresentableProtocol.swift in Sources */ = {isa = PBXBuildFile; fileRef = 6FB0B4E51F75860700A4F6D4 /* HalfSheetPresentableProtocol.swift */; };
		6FB0B4EF1F75860800A4F6D4 /* DismissalAnimator.swift in Sources */ = {isa = PBXBuildFile; fileRef = 6FB0B4E71F75860700A4F6D4 /* DismissalAnimator.swift */; };
		6FB0B4F01F75860800A4F6D4 /* PresentationManager.swift in Sources */ = {isa = PBXBuildFile; fileRef = 6FB0B4E81F75860700A4F6D4 /* PresentationManager.swift */; };
		6FB0B4F21F75860800A4F6D4 /* PresentationAnimator.swift in Sources */ = {isa = PBXBuildFile; fileRef = 6FB0B4EA1F75860800A4F6D4 /* PresentationAnimator.swift */; };
		6FBC01FA1F75B79100781E90 /* PresentationProtocol.swift in Sources */ = {isa = PBXBuildFile; fileRef = 6FBC01F91F75B79100781E90 /* PresentationProtocol.swift */; };
		6FE85D3E1F75BC7800304BCA /* Utilities.swift in Sources */ = {isa = PBXBuildFile; fileRef = 6FE85D3D1F75BC7800304BCA /* Utilities.swift */; };
/* End PBXBuildFile section */

/* Begin PBXFileReference section */
		6F6E69EE1F9FB593006B24EC /* DismissBar.storyboard */ = {isa = PBXFileReference; fileEncoding = 4; lastKnownFileType = file.storyboard; path = DismissBar.storyboard; sourceTree = "<group>"; };
		6F6E69F01F9FB599006B24EC /* DismissBarVC.swift */ = {isa = PBXFileReference; fileEncoding = 4; lastKnownFileType = sourcecode.swift; path = DismissBarVC.swift; sourceTree = "<group>"; };
		6FB0B4D71F75845600A4F6D4 /* GTSheet.framework */ = {isa = PBXFileReference; explicitFileType = wrapper.framework; includeInIndex = 0; path = GTSheet.framework; sourceTree = BUILT_PRODUCTS_DIR; };
		6FB0B4DA1F75845600A4F6D4 /* GTSheet.h */ = {isa = PBXFileReference; lastKnownFileType = sourcecode.c.h; path = GTSheet.h; sourceTree = "<group>"; };
		6FB0B4DB1F75845600A4F6D4 /* Info.plist */ = {isa = PBXFileReference; lastKnownFileType = text.plist.xml; path = Info.plist; sourceTree = "<group>"; };
		6FB0B4E31F75860700A4F6D4 /* VerticalPanGestureRecognizer.swift */ = {isa = PBXFileReference; lastKnownFileType = sourcecode.swift; path = VerticalPanGestureRecognizer.swift; sourceTree = "<group>"; };
		6FB0B4E41F75860700A4F6D4 /* PresentationViewController.swift */ = {isa = PBXFileReference; lastKnownFileType = sourcecode.swift; path = PresentationViewController.swift; sourceTree = "<group>"; };
		6FB0B4E51F75860700A4F6D4 /* HalfSheetPresentableProtocol.swift */ = {isa = PBXFileReference; lastKnownFileType = sourcecode.swift; path = HalfSheetPresentableProtocol.swift; sourceTree = "<group>"; };
		6FB0B4E71F75860700A4F6D4 /* DismissalAnimator.swift */ = {isa = PBXFileReference; lastKnownFileType = sourcecode.swift; path = DismissalAnimator.swift; sourceTree = "<group>"; };
		6FB0B4E81F75860700A4F6D4 /* PresentationManager.swift */ = {isa = PBXFileReference; lastKnownFileType = sourcecode.swift; path = PresentationManager.swift; sourceTree = "<group>"; };
		6FB0B4EA1F75860800A4F6D4 /* PresentationAnimator.swift */ = {isa = PBXFileReference; lastKnownFileType = sourcecode.swift; path = PresentationAnimator.swift; sourceTree = "<group>"; };
		6FBC01F91F75B79100781E90 /* PresentationProtocol.swift */ = {isa = PBXFileReference; lastKnownFileType = sourcecode.swift; path = PresentationProtocol.swift; sourceTree = "<group>"; };
		6FE85D3D1F75BC7800304BCA /* Utilities.swift */ = {isa = PBXFileReference; lastKnownFileType = sourcecode.swift; path = Utilities.swift; sourceTree = "<group>"; };
/* End PBXFileReference section */

/* Begin PBXFrameworksBuildPhase section */
		6FB0B4D31F75845600A4F6D4 /* Frameworks */ = {
			isa = PBXFrameworksBuildPhase;
			buildActionMask = 2147483647;
			files = (
			);
			runOnlyForDeploymentPostprocessing = 0;
		};
/* End PBXFrameworksBuildPhase section */

/* Begin PBXGroup section */
		6F21484E1F79C80D00482D53 /* Animators */ = {
			isa = PBXGroup;
			children = (
				6FB0B4E71F75860700A4F6D4 /* DismissalAnimator.swift */,
				6FB0B4EA1F75860800A4F6D4 /* PresentationAnimator.swift */,
			);
			path = Animators;
			sourceTree = "<group>";
		};
		6F21484F1F79C81500482D53 /* Presentation Logic */ = {
			isa = PBXGroup;
			children = (
				6FB0B4E41F75860700A4F6D4 /* PresentationViewController.swift */,
				6FB0B4E81F75860700A4F6D4 /* PresentationManager.swift */,
			);
			path = "Presentation Logic";
			sourceTree = "<group>";
		};
		6F2148501F79C82D00482D53 /* Utilities */ = {
			isa = PBXGroup;
			children = (
				6FB0B4E31F75860700A4F6D4 /* VerticalPanGestureRecognizer.swift */,
				6FB0B4E51F75860700A4F6D4 /* HalfSheetPresentableProtocol.swift */,
				6FBC01F91F75B79100781E90 /* PresentationProtocol.swift */,
				6FE85D3D1F75BC7800304BCA /* Utilities.swift */,
			);
			path = Utilities;
			sourceTree = "<group>";
		};
		6F6E69ED1F9FB583006B24EC /* UI */ = {
			isa = PBXGroup;
			children = (
				6F6E69F01F9FB599006B24EC /* DismissBarVC.swift */,
				6F6E69EE1F9FB593006B24EC /* DismissBar.storyboard */,
			);
			path = UI;
			sourceTree = "<group>";
		};
		6FB0B4CD1F75845600A4F6D4 = {
			isa = PBXGroup;
			children = (
				6FB0B4D91F75845600A4F6D4 /* GTSheet */,
				6FB0B4D81F75845600A4F6D4 /* Products */,
			);
			sourceTree = "<group>";
		};
		6FB0B4D81F75845600A4F6D4 /* Products */ = {
			isa = PBXGroup;
			children = (
				6FB0B4D71F75845600A4F6D4 /* GTSheet.framework */,
			);
			name = Products;
			sourceTree = "<group>";
		};
		6FB0B4D91F75845600A4F6D4 /* GTSheet */ = {
			isa = PBXGroup;
			children = (
				6F6E69ED1F9FB583006B24EC /* UI */,
				6F2148501F79C82D00482D53 /* Utilities */,
				6F21484F1F79C81500482D53 /* Presentation Logic */,
				6F21484E1F79C80D00482D53 /* Animators */,
				6FB0B4DA1F75845600A4F6D4 /* GTSheet.h */,
				6FB0B4DB1F75845600A4F6D4 /* Info.plist */,
			);
			path = GTSheet;
			sourceTree = "<group>";
		};
/* End PBXGroup section */

/* Begin PBXHeadersBuildPhase section */
		6FB0B4D41F75845600A4F6D4 /* Headers */ = {
			isa = PBXHeadersBuildPhase;
			buildActionMask = 2147483647;
			files = (
				6FB0B4DC1F75845600A4F6D4 /* GTSheet.h in Headers */,
			);
			runOnlyForDeploymentPostprocessing = 0;
		};
/* End PBXHeadersBuildPhase section */

/* Begin PBXNativeTarget section */
		6FB0B4D61F75845600A4F6D4 /* GTSheet */ = {
			isa = PBXNativeTarget;
			buildConfigurationList = 6FB0B4DF1F75845600A4F6D4 /* Build configuration list for PBXNativeTarget "GTSheet" */;
			buildPhases = (
				6FB0B4D21F75845600A4F6D4 /* Sources */,
				6FB0B4D31F75845600A4F6D4 /* Frameworks */,
				6FB0B4D41F75845600A4F6D4 /* Headers */,
				6FB0B4D51F75845600A4F6D4 /* Resources */,
			);
			buildRules = (
			);
			dependencies = (
			);
			name = GTSheet;
			productName = GTHalfSheet;
			productReference = 6FB0B4D71F75845600A4F6D4 /* GTSheet.framework */;
			productType = "com.apple.product-type.framework";
		};
/* End PBXNativeTarget section */

/* Begin PBXProject section */
		6FB0B4CE1F75845600A4F6D4 /* Project object */ = {
			isa = PBXProject;
			attributes = {
				LastUpgradeCheck = 0900;
				ORGANIZATIONNAME = Gametime;
				TargetAttributes = {
					6FB0B4D61F75845600A4F6D4 = {
						CreatedOnToolsVersion = 9.0;
						LastSwiftMigration = 0900;
						ProvisioningStyle = Manual;
					};
				};
			};
			buildConfigurationList = 6FB0B4D11F75845600A4F6D4 /* Build configuration list for PBXProject "GTSheet" */;
			compatibilityVersion = "Xcode 8.0";
			developmentRegion = en;
			hasScannedForEncodings = 0;
			knownRegions = (
				en,
			);
			mainGroup = 6FB0B4CD1F75845600A4F6D4;
			productRefGroup = 6FB0B4D81F75845600A4F6D4 /* Products */;
			projectDirPath = "";
			projectRoot = "";
			targets = (
				6FB0B4D61F75845600A4F6D4 /* GTSheet */,
			);
		};
/* End PBXProject section */

/* Begin PBXResourcesBuildPhase section */
		6FB0B4D51F75845600A4F6D4 /* Resources */ = {
			isa = PBXResourcesBuildPhase;
			buildActionMask = 2147483647;
			files = (
				6F6E69EF1F9FB593006B24EC /* DismissBar.storyboard in Resources */,
			);
			runOnlyForDeploymentPostprocessing = 0;
		};
/* End PBXResourcesBuildPhase section */

/* Begin PBXSourcesBuildPhase section */
		6FB0B4D21F75845600A4F6D4 /* Sources */ = {
			isa = PBXSourcesBuildPhase;
			buildActionMask = 2147483647;
			files = (
				6F6E69F11F9FB599006B24EC /* DismissBarVC.swift in Sources */,
				6FB0B4EF1F75860800A4F6D4 /* DismissalAnimator.swift in Sources */,
				6FB0B4F01F75860800A4F6D4 /* PresentationManager.swift in Sources */,
				6FB0B4EC1F75860800A4F6D4 /* PresentationViewController.swift in Sources */,
				6FB0B4EB1F75860800A4F6D4 /* VerticalPanGestureRecognizer.swift in Sources */,
				6FB0B4F21F75860800A4F6D4 /* PresentationAnimator.swift in Sources */,
				6FE85D3E1F75BC7800304BCA /* Utilities.swift in Sources */,
				6FBC01FA1F75B79100781E90 /* PresentationProtocol.swift in Sources */,
				6FB0B4ED1F75860800A4F6D4 /* HalfSheetPresentableProtocol.swift in Sources */,
			);
			runOnlyForDeploymentPostprocessing = 0;
		};
/* End PBXSourcesBuildPhase section */

/* Begin XCBuildConfiguration section */
		6FB0B4DD1F75845600A4F6D4 /* Debug */ = {
			isa = XCBuildConfiguration;
			buildSettings = {
				ALWAYS_SEARCH_USER_PATHS = NO;
				CLANG_ANALYZER_NONNULL = YES;
				CLANG_ANALYZER_NUMBER_OBJECT_CONVERSION = YES_AGGRESSIVE;
				CLANG_CXX_LANGUAGE_STANDARD = "gnu++14";
				CLANG_CXX_LIBRARY = "libc++";
				CLANG_ENABLE_MODULES = YES;
				CLANG_ENABLE_OBJC_ARC = YES;
				CLANG_WARN_BLOCK_CAPTURE_AUTORELEASING = YES;
				CLANG_WARN_BOOL_CONVERSION = YES;
				CLANG_WARN_COMMA = YES;
				CLANG_WARN_CONSTANT_CONVERSION = YES;
				CLANG_WARN_DIRECT_OBJC_ISA_USAGE = YES_ERROR;
				CLANG_WARN_DOCUMENTATION_COMMENTS = YES;
				CLANG_WARN_EMPTY_BODY = YES;
				CLANG_WARN_ENUM_CONVERSION = YES;
				CLANG_WARN_INFINITE_RECURSION = YES;
				CLANG_WARN_INT_CONVERSION = YES;
				CLANG_WARN_NON_LITERAL_NULL_CONVERSION = YES;
				CLANG_WARN_OBJC_LITERAL_CONVERSION = YES;
				CLANG_WARN_OBJC_ROOT_CLASS = YES_ERROR;
				CLANG_WARN_RANGE_LOOP_ANALYSIS = YES;
				CLANG_WARN_STRICT_PROTOTYPES = YES;
				CLANG_WARN_SUSPICIOUS_MOVE = YES;
				CLANG_WARN_UNGUARDED_AVAILABILITY = YES_AGGRESSIVE;
				CLANG_WARN_UNREACHABLE_CODE = YES;
				CLANG_WARN__DUPLICATE_METHOD_MATCH = YES;
				CODE_SIGN_IDENTITY = "iPhone Developer";
				COPY_PHASE_STRIP = NO;
				CURRENT_PROJECT_VERSION = 1;
				DEBUG_INFORMATION_FORMAT = dwarf;
				ENABLE_STRICT_OBJC_MSGSEND = YES;
				ENABLE_TESTABILITY = YES;
				GCC_C_LANGUAGE_STANDARD = gnu11;
				GCC_DYNAMIC_NO_PIC = NO;
				GCC_NO_COMMON_BLOCKS = YES;
				GCC_OPTIMIZATION_LEVEL = 0;
				GCC_PREPROCESSOR_DEFINITIONS = (
					"DEBUG=1",
					"$(inherited)",
				);
				GCC_WARN_64_TO_32_BIT_CONVERSION = YES;
				GCC_WARN_ABOUT_RETURN_TYPE = YES_ERROR;
				GCC_WARN_UNDECLARED_SELECTOR = YES;
				GCC_WARN_UNINITIALIZED_AUTOS = YES_AGGRESSIVE;
				GCC_WARN_UNUSED_FUNCTION = YES;
				GCC_WARN_UNUSED_VARIABLE = YES;
				IPHONEOS_DEPLOYMENT_TARGET = 11.0;
				MTL_ENABLE_DEBUG_INFO = YES;
				ONLY_ACTIVE_ARCH = YES;
				SDKROOT = iphoneos;
				SWIFT_ACTIVE_COMPILATION_CONDITIONS = DEBUG;
				SWIFT_OPTIMIZATION_LEVEL = "-Onone";
				VERSIONING_SYSTEM = "apple-generic";
				VERSION_INFO_PREFIX = "";
			};
			name = Debug;
		};
		6FB0B4DE1F75845600A4F6D4 /* Release */ = {
			isa = XCBuildConfiguration;
			buildSettings = {
				ALWAYS_SEARCH_USER_PATHS = NO;
				CLANG_ANALYZER_NONNULL = YES;
				CLANG_ANALYZER_NUMBER_OBJECT_CONVERSION = YES_AGGRESSIVE;
				CLANG_CXX_LANGUAGE_STANDARD = "gnu++14";
				CLANG_CXX_LIBRARY = "libc++";
				CLANG_ENABLE_MODULES = YES;
				CLANG_ENABLE_OBJC_ARC = YES;
				CLANG_WARN_BLOCK_CAPTURE_AUTORELEASING = YES;
				CLANG_WARN_BOOL_CONVERSION = YES;
				CLANG_WARN_COMMA = YES;
				CLANG_WARN_CONSTANT_CONVERSION = YES;
				CLANG_WARN_DIRECT_OBJC_ISA_USAGE = YES_ERROR;
				CLANG_WARN_DOCUMENTATION_COMMENTS = YES;
				CLANG_WARN_EMPTY_BODY = YES;
				CLANG_WARN_ENUM_CONVERSION = YES;
				CLANG_WARN_INFINITE_RECURSION = YES;
				CLANG_WARN_INT_CONVERSION = YES;
				CLANG_WARN_NON_LITERAL_NULL_CONVERSION = YES;
				CLANG_WARN_OBJC_LITERAL_CONVERSION = YES;
				CLANG_WARN_OBJC_ROOT_CLASS = YES_ERROR;
				CLANG_WARN_RANGE_LOOP_ANALYSIS = YES;
				CLANG_WARN_STRICT_PROTOTYPES = YES;
				CLANG_WARN_SUSPICIOUS_MOVE = YES;
				CLANG_WARN_UNGUARDED_AVAILABILITY = YES_AGGRESSIVE;
				CLANG_WARN_UNREACHABLE_CODE = YES;
				CLANG_WARN__DUPLICATE_METHOD_MATCH = YES;
				CODE_SIGN_IDENTITY = "iPhone Developer";
				COPY_PHASE_STRIP = NO;
				CURRENT_PROJECT_VERSION = 1;
				DEBUG_INFORMATION_FORMAT = "dwarf-with-dsym";
				ENABLE_NS_ASSERTIONS = NO;
				ENABLE_STRICT_OBJC_MSGSEND = YES;
				GCC_C_LANGUAGE_STANDARD = gnu11;
				GCC_NO_COMMON_BLOCKS = YES;
				GCC_WARN_64_TO_32_BIT_CONVERSION = YES;
				GCC_WARN_ABOUT_RETURN_TYPE = YES_ERROR;
				GCC_WARN_UNDECLARED_SELECTOR = YES;
				GCC_WARN_UNINITIALIZED_AUTOS = YES_AGGRESSIVE;
				GCC_WARN_UNUSED_FUNCTION = YES;
				GCC_WARN_UNUSED_VARIABLE = YES;
				IPHONEOS_DEPLOYMENT_TARGET = 11.0;
				MTL_ENABLE_DEBUG_INFO = NO;
				SDKROOT = iphoneos;
				SWIFT_OPTIMIZATION_LEVEL = "-Owholemodule";
				VALIDATE_PRODUCT = YES;
				VERSIONING_SYSTEM = "apple-generic";
				VERSION_INFO_PREFIX = "";
			};
			name = Release;
		};
		6FB0B4E01F75845600A4F6D4 /* Debug */ = {
			isa = XCBuildConfiguration;
			buildSettings = {
				CLANG_ENABLE_MODULES = YES;
				CODE_SIGN_IDENTITY = "";
				CODE_SIGN_STYLE = Manual;
				DEFINES_MODULE = YES;
				DEVELOPMENT_TEAM = "";
				DYLIB_COMPATIBILITY_VERSION = 1;
				DYLIB_CURRENT_VERSION = 1;
				DYLIB_INSTALL_NAME_BASE = "@rpath";
				INFOPLIST_FILE = GTSheet/Info.plist;
				INSTALL_PATH = "$(LOCAL_LIBRARY_DIR)/Frameworks";
				IPHONEOS_DEPLOYMENT_TARGET = 10.0;
				LD_RUNPATH_SEARCH_PATHS = "$(inherited) @executable_path/Frameworks @loader_path/Frameworks";
				PRODUCT_BUNDLE_IDENTIFIER = gametime.GTSheet;
				PRODUCT_NAME = "$(TARGET_NAME:c99extidentifier)";
				PROVISIONING_PROFILE_SPECIFIER = "";
				SKIP_INSTALL = YES;
				SWIFT_OPTIMIZATION_LEVEL = "-Onone";
				SWIFT_VERSION = 4.0;
				TARGETED_DEVICE_FAMILY = "1,2";
			};
			name = Debug;
		};
		6FB0B4E11F75845600A4F6D4 /* Release */ = {
			isa = XCBuildConfiguration;
			buildSettings = {
				CLANG_ENABLE_MODULES = YES;
				CODE_SIGN_IDENTITY = "";
				CODE_SIGN_STYLE = Manual;
				DEFINES_MODULE = YES;
				DEVELOPMENT_TEAM = "";
				DYLIB_COMPATIBILITY_VERSION = 1;
				DYLIB_CURRENT_VERSION = 1;
				DYLIB_INSTALL_NAME_BASE = "@rpath";
				INFOPLIST_FILE = GTSheet/Info.plist;
				INSTALL_PATH = "$(LOCAL_LIBRARY_DIR)/Frameworks";
				IPHONEOS_DEPLOYMENT_TARGET = 10.0;
				LD_RUNPATH_SEARCH_PATHS = "$(inherited) @executable_path/Frameworks @loader_path/Frameworks";
				PRODUCT_BUNDLE_IDENTIFIER = gametime.GTSheet;
				PRODUCT_NAME = "$(TARGET_NAME:c99extidentifier)";
				PROVISIONING_PROFILE_SPECIFIER = "";
				SKIP_INSTALL = YES;
				SWIFT_VERSION = 4.0;
				TARGETED_DEVICE_FAMILY = "1,2";
			};
			name = Release;
		};
/* End XCBuildConfiguration section */

/* Begin XCConfigurationList section */
		6FB0B4D11F75845600A4F6D4 /* Build configuration list for PBXProject "GTSheet" */ = {
			isa = XCConfigurationList;
			buildConfigurations = (
				6FB0B4DD1F75845600A4F6D4 /* Debug */,
				6FB0B4DE1F75845600A4F6D4 /* Release */,
			);
			defaultConfigurationIsVisible = 0;
			defaultConfigurationName = Release;
		};
		6FB0B4DF1F75845600A4F6D4 /* Build configuration list for PBXNativeTarget "GTSheet" */ = {
			isa = XCConfigurationList;
			buildConfigurations = (
				6FB0B4E01F75845600A4F6D4 /* Debug */,
				6FB0B4E11F75845600A4F6D4 /* Release */,
			);
			defaultConfigurationIsVisible = 0;
			defaultConfigurationName = Release;
		};
/* End XCConfigurationList section */
	};
	rootObject = 6FB0B4CE1F75845600A4F6D4 /* Project object */;
}
